{
  "version": "v1",
  "packages": {
    "cytoscape": {
      "version": "3.29.2-unstable",
      "signature": "6a8a37cfc081a7497735bc476504ac6a",
      "file": true,
      "replaced": "^3.28.0"
    },
    "ngx-reactome-style": {
      "signature": "601dce71aaf2ad8a291a987fe3c753c7",
      "file": true,
      "replaced": "0.0.18"
    }
  }
}
